
Microsoft Visual Studio Solution File, Format Version 12.00
# Visual Studio Version 16
VisualStudioVersion = 16.0.30114.105
MinimumVisualStudioVersion = 10.0.40219.1
Project("{9A19103F-16F7-4668-BE54-9A1E7A4F7556}") = "01. Sort Numbers", "01. Sort Numbers\01. Sort Numbers.csproj", "{7A783DD9-526B-42DB-B7A6-BA47E88B251A}"
EndProject
Project("{9A19103F-16F7-4668-BE54-9A1E7A4F7556}") = "02. English Name of the Last Digit", "02. English Name of the Last Digit\02. English Name of the Last Digit.csproj", "{5D8FE50C-9D8E-4DB3-8242-9212D9F443F2}"
EndProject
Project("{FAE04EC0-301F-11D3-BF4B-00C04F79EFBC}") = "03. Gaming Store", "03. Gaming Store\03. Gaming Store.csproj", "{F28A764E-32F7-46B4-ABCC-0338218D8780}"
EndProject
Global
	GlobalSection(SolutionConfigurationPlatforms) = preSolution
		Debug|Any CPU = Debug|Any CPU
		Release|Any CPU = Release|Any CPU
	EndGlobalSection
	GlobalSection(ProjectConfigurationPlatforms) = postSolution
		{7A783DD9-526B-42DB-B7A6-BA47E88B251A}.Debug|Any CPU.ActiveCfg = Debug|Any CPU
		{7A783DD9-526B-42DB-B7A6-BA47E88B251A}.Debug|Any CPU.Build.0 = Debug|Any CPU
		{7A783DD9-526B-42DB-B7A6-BA47E88B251A}.Release|Any CPU.ActiveCfg = Release|Any CPU
		{7A783DD9-526B-42DB-B7A6-BA47E88B251A}.Release|Any CPU.Build.0 = Release|Any CPU
		{5D8FE50C-9D8E-4DB3-8242-9212D9F443F2}.Debug|Any CPU.ActiveCfg = Debug|Any CPU
		{5D8FE50C-9D8E-4DB3-8242-9212D9F443F2}.Debug|Any CPU.Build.0 = Debug|Any CPU
		{5D8FE50C-9D8E-4DB3-8242-9212D9F443F2}.Release|Any CPU.ActiveCfg = Release|Any CPU
		{5D8FE50C-9D8E-4DB3-8242-9212D9F443F2}.Release|Any CPU.Build.0 = Release|Any CPU
		{F28A764E-32F7-46B4-ABCC-0338218D8780}.Debug|Any CPU.ActiveCfg = Debug|Any CPU
		{F28A764E-32F7-46B4-ABCC-0338218D8780}.Debug|Any CPU.Build.0 = Debug|Any CPU
		{F28A764E-32F7-46B4-ABCC-0338218D8780}.Release|Any CPU.ActiveCfg = Release|Any CPU
		{F28A764E-32F7-46B4-ABCC-0338218D8780}.Release|Any CPU.Build.0 = Release|Any CPU
	EndGlobalSection
	GlobalSection(SolutionProperties) = preSolution
		HideSolutionNode = FALSE
	EndGlobalSection
	GlobalSection(ExtensibilityGlobals) = postSolution
		SolutionGuid = {79A3B562-5015-477D-B314-5F1427941EF1}
	EndGlobalSection
EndGlobal
