
Microsoft Visual Studio Solution File, Format Version 12.00
# Visual Studio Version 16
VisualStudioVersion = 16.0.30114.105
MinimumVisualStudioVersion = 10.0.40219.1
Project("{9A19103F-16F7-4668-BE54-9A1E7A4F7556}") = "01. World Tour", "01. World Tour\01. World Tour.csproj", "{CD884871-E12D-453D-8D32-98A08E7B7E69}"
EndProject
Project("{9A19103F-16F7-4668-BE54-9A1E7A4F7556}") = "02. Destination Mapper", "02. Destination Mapper\02. Destination Mapper.csproj", "{992E19EC-63B2-49BB-A528-4029FDEEDE3F}"
EndProject
Project("{9A19103F-16F7-4668-BE54-9A1E7A4F7556}") = "03. Plant Discovery", "03. Plant Discovery\03. Plant Discovery.csproj", "{D15FBE58-6761-4207-91E5-8464320D1AB4}"
EndProject
Global
	GlobalSection(SolutionConfigurationPlatforms) = preSolution
		Debug|Any CPU = Debug|Any CPU
		Release|Any CPU = Release|Any CPU
	EndGlobalSection
	GlobalSection(ProjectConfigurationPlatforms) = postSolution
		{CD884871-E12D-453D-8D32-98A08E7B7E69}.Debug|Any CPU.ActiveCfg = Debug|Any CPU
		{CD884871-E12D-453D-8D32-98A08E7B7E69}.Debug|Any CPU.Build.0 = Debug|Any CPU
		{CD884871-E12D-453D-8D32-98A08E7B7E69}.Release|Any CPU.ActiveCfg = Release|Any CPU
		{CD884871-E12D-453D-8D32-98A08E7B7E69}.Release|Any CPU.Build.0 = Release|Any CPU
		{992E19EC-63B2-49BB-A528-4029FDEEDE3F}.Debug|Any CPU.ActiveCfg = Debug|Any CPU
		{992E19EC-63B2-49BB-A528-4029FDEEDE3F}.Debug|Any CPU.Build.0 = Debug|Any CPU
		{992E19EC-63B2-49BB-A528-4029FDEEDE3F}.Release|Any CPU.ActiveCfg = Release|Any CPU
		{992E19EC-63B2-49BB-A528-4029FDEEDE3F}.Release|Any CPU.Build.0 = Release|Any CPU
		{D15FBE58-6761-4207-91E5-8464320D1AB4}.Debug|Any CPU.ActiveCfg = Debug|Any CPU
		{D15FBE58-6761-4207-91E5-8464320D1AB4}.Debug|Any CPU.Build.0 = Debug|Any CPU
		{D15FBE58-6761-4207-91E5-8464320D1AB4}.Release|Any CPU.ActiveCfg = Release|Any CPU
		{D15FBE58-6761-4207-91E5-8464320D1AB4}.Release|Any CPU.Build.0 = Release|Any CPU
	EndGlobalSection
	GlobalSection(SolutionProperties) = preSolution
		HideSolutionNode = FALSE
	EndGlobalSection
	GlobalSection(ExtensibilityGlobals) = postSolution
		SolutionGuid = {496A0C25-3C40-45A6-93E9-1D63508E5B5E}
	EndGlobalSection
EndGlobal
