
Microsoft Visual Studio Solution File, Format Version 12.00
# Visual Studio Version 16
VisualStudioVersion = 16.0.30114.105
MinimumVisualStudioVersion = 10.0.40219.1
Project("{9A19103F-16F7-4668-BE54-9A1E7A4F7556}") = "VendingMachine", "VendingMachine\VendingMachine.csproj", "{4403099A-9472-4F93-9B56-562A564D19F1}"
EndProject
Project("{9A19103F-16F7-4668-BE54-9A1E7A4F7556}") = "08. Triangle of Numbers", "08. Triangle of Numbers\08. Triangle of Numbers.csproj", "{C70AFC3B-307A-4469-8157-740CCC9B6456}"
EndProject
Project("{FAE04EC0-301F-11D3-BF4B-00C04F79EFBC}") = "09. Padawan Equipment", "09. Padawan Equipment\09. Padawan Equipment.csproj", "{AEBC8C1E-8735-40ED-929E-5DCB035BA727}"
EndProject
Project("{FAE04EC0-301F-11D3-BF4B-00C04F79EFBC}") = "10. Rage Expenses", "10. Rage Expenses\10. Rage Expenses.csproj", "{469D7605-33B4-44DC-8939-39245B195037}"
EndProject
Global
	GlobalSection(SolutionConfigurationPlatforms) = preSolution
		Debug|Any CPU = Debug|Any CPU
		Release|Any CPU = Release|Any CPU
	EndGlobalSection
	GlobalSection(ProjectConfigurationPlatforms) = postSolution
		{4403099A-9472-4F93-9B56-562A564D19F1}.Debug|Any CPU.ActiveCfg = Debug|Any CPU
		{4403099A-9472-4F93-9B56-562A564D19F1}.Debug|Any CPU.Build.0 = Debug|Any CPU
		{4403099A-9472-4F93-9B56-562A564D19F1}.Release|Any CPU.ActiveCfg = Release|Any CPU
		{4403099A-9472-4F93-9B56-562A564D19F1}.Release|Any CPU.Build.0 = Release|Any CPU
		{C70AFC3B-307A-4469-8157-740CCC9B6456}.Debug|Any CPU.ActiveCfg = Debug|Any CPU
		{C70AFC3B-307A-4469-8157-740CCC9B6456}.Debug|Any CPU.Build.0 = Debug|Any CPU
		{C70AFC3B-307A-4469-8157-740CCC9B6456}.Release|Any CPU.ActiveCfg = Release|Any CPU
		{C70AFC3B-307A-4469-8157-740CCC9B6456}.Release|Any CPU.Build.0 = Release|Any CPU
		{AEBC8C1E-8735-40ED-929E-5DCB035BA727}.Debug|Any CPU.ActiveCfg = Debug|Any CPU
		{AEBC8C1E-8735-40ED-929E-5DCB035BA727}.Debug|Any CPU.Build.0 = Debug|Any CPU
		{AEBC8C1E-8735-40ED-929E-5DCB035BA727}.Release|Any CPU.ActiveCfg = Release|Any CPU
		{AEBC8C1E-8735-40ED-929E-5DCB035BA727}.Release|Any CPU.Build.0 = Release|Any CPU
		{469D7605-33B4-44DC-8939-39245B195037}.Debug|Any CPU.ActiveCfg = Debug|Any CPU
		{469D7605-33B4-44DC-8939-39245B195037}.Debug|Any CPU.Build.0 = Debug|Any CPU
		{469D7605-33B4-44DC-8939-39245B195037}.Release|Any CPU.ActiveCfg = Release|Any CPU
		{469D7605-33B4-44DC-8939-39245B195037}.Release|Any CPU.Build.0 = Release|Any CPU
	EndGlobalSection
	GlobalSection(SolutionProperties) = preSolution
		HideSolutionNode = FALSE
	EndGlobalSection
	GlobalSection(ExtensibilityGlobals) = postSolution
		SolutionGuid = {33FE61DE-18A0-43E2-998C-C1B0B72C3EB9}
	EndGlobalSection
EndGlobal
